{
    "_readme": [
        "This file locks the dependencies of your project to a known state",
        "Read more about it at https://getcomposer.org/doc/01-basic-usage.md#installing-dependencies",
        "This file is @generated automatically"
    ],
    "content-hash": "9cf10b6ef37f2be2b92da5a6947a437e",
    "packages": [
        {
            "name": "evenement/evenement",
            "version": "v1.0.0",
            "source": {
                "type": "git",
                "url": "https://github.com/igorw/evenement.git",
                "reference": "fa966683e7df3e5dd5929d984a44abfbd6bafe8d"
            },
            "dist": {
                "type": "zip",
                "url": "https://api.github.com/repos/igorw/evenement/zipball/fa966683e7df3e5dd5929d984a44abfbd6bafe8d",
                "reference": "fa966683e7df3e5dd5929d984a44abfbd6bafe8d",
                "shasum": ""
            },
            "require": {
                "php": ">=5.3.0"
            },
            "type": "library",
            "autoload": {
                "psr-0": {
                    "Evenement": "src"
                }
            },
            "notification-url": "https://packagist.org/downloads/",
            "license": [
                "MIT"
            ],
            "authors": [
                {
                    "name": "Igor Wiedler",
                    "email": "igor@wiedler.ch",
                    "homepage": "http://wiedler.ch/igor/"
                }
            ],
            "description": "Événement is a very simple event dispatching library for PHP 5.3",
            "keywords": [
                "event-dispatcher"
            ],
            "support": {
                "issues": "https://github.com/igorw/evenement/issues",
                "source": "https://github.com/igorw/evenement/tree/v1.0.0"
            },
            "time": "2012-05-30T15:01:08+00:00"
        },
        {
            "name": "guzzle/guzzle",
            "version": "v2.5.0",
            "source": {
                "type": "git",
                "url": "https://github.com/guzzle/guzzle.git",
                "reference": "f7e6aa551ac84981f7910c49936175468c2392cc"
            },
            "dist": {
                "type": "zip",
                "url": "https://api.github.com/repos/guzzle/guzzle/zipball/f7e6aa551ac84981f7910c49936175468c2392cc",
                "reference": "f7e6aa551ac84981f7910c49936175468c2392cc",
                "shasum": ""
            },
            "require": {
                "ext-curl": "*",
                "php": ">=5.3.2",
                "symfony/event-dispatcher": "*"
            },
            "require-dev": {
                "doctrine/common": "*",
                "monolog/monolog": "*",
                "symfony/class-loader": "*",
                "zend/zend-cache": "2.0.0beta3",
                "zend/zend-cache1": "1.11",
                "zend/zend-eventmanager": "2.0.0beta3",
                "zend/zend-loader": "2.0.0beta3",
                "zend/zend-log": "2.0.0beta3",
                "zend/zend-log1": "1.11",
                "zend/zend-stdlib": "2.0.0beta3"
            },
            "type": "library",
            "autoload": {
                "psr-0": {
                    "Guzzle": "src/",
                    "Guzzle\\Tests": "tests/"
                }
            },
            "notification-url": "https://packagist.org/downloads/",
            "license": [
                "MIT"
            ],
            "authors": [
                {
                    "name": "Michael Dowling",
                    "email": "mtdowling@gmail.com",
                    "homepage": "https://github.com/mtdowling"
                },
                {
                    "name": "Guzzle Community",
                    "homepage": "https://github.com/guzzle/guzzle/contributors"
                }
            ],
            "description": "Guzzle is a PHP HTTP client library and framework for building RESTful web service clients",
            "homepage": "http://www.guzzlephp.org/",
            "keywords": [
                "curl",
                "framework",
                "http",
                "rest",
                "web service"
            ],
            "support": {
                "issues": "https://github.com/guzzle/guzzle/issues",
                "source": "https://github.com/guzzle/guzzle/tree/v2.5.0"
            },
            "abandoned": "guzzlehttp/guzzle",
            "time": "2012-05-08T06:55:53+00:00"
        },
        {
            "name": "psr/event-dispatcher",
            "version": "1.0.0",
            "source": {
                "type": "git",
                "url": "https://github.com/php-fig/event-dispatcher.git",
                "reference": "dbefd12671e8a14ec7f180cab83036ed26714bb0"
            },
            "dist": {
                "type": "zip",
                "url": "https://api.github.com/repos/php-fig/event-dispatcher/zipball/dbefd12671e8a14ec7f180cab83036ed26714bb0",
                "reference": "dbefd12671e8a14ec7f180cab83036ed26714bb0",
                "shasum": ""
            },
            "require": {
                "php": ">=7.2.0"
            },
            "type": "library",
            "extra": {
                "branch-alias": {
                    "dev-master": "1.0.x-dev"
                }
            },
            "autoload": {
                "psr-4": {
                    "Psr\\EventDispatcher\\": "src/"
                }
            },
            "notification-url": "https://packagist.org/downloads/",
            "license": [
                "MIT"
            ],
            "authors": [
                {
                    "name": "PHP-FIG",
                    "homepage": "http://www.php-fig.org/"
                }
            ],
            "description": "Standard interfaces for event handling.",
            "keywords": [
                "events",
                "psr",
                "psr-14"
            ],
            "support": {
                "issues": "https://github.com/php-fig/event-dispatcher/issues",
                "source": "https://github.com/php-fig/event-dispatcher/tree/1.0.0"
            },
            "time": "2019-01-08T18:20:26+00:00"
        },
        {
            "name": "react/event-loop",
            "version": "v0.1.1",
            "target-dir": "React/EventLoop",
            "source": {
                "type": "git",
                "url": "https://github.com/reactphp/event-loop.git",
                "reference": "6fb55d83a9da4bce62d3f5af0e75582c9e33d33d"
            },
            "dist": {
                "type": "zip",
                "url": "https://api.github.com/repos/reactphp/event-loop/zipball/6fb55d83a9da4bce62d3f5af0e75582c9e33d33d",
                "reference": "6fb55d83a9da4bce62d3f5af0e75582c9e33d33d",
                "shasum": ""
            },
            "require": {
                "php": ">=5.3.2"
            },
            "suggest": {
                "ext-libevent": ">=0.0.5"
            },
            "type": "library",
            "extra": {
                "branch-alias": []
            },
            "autoload": {
                "psr-0": {
                    "React\\EventLoop": ""
                }
            },
            "notification-url": "https://packagist.org/downloads/",
            "license": [
                "MIT"
            ],
            "description": "Event loop abstraction layer that libraries can use for evented I/O.",
            "keywords": [
                "event-loop"
            ],
            "support": {
                "source": "https://github.com/reactphp/event-loop/tree/v0.1.1"
            },
            "time": "2012-07-12T21:02:32+00:00"
        },
        {
            "name": "react/http",
            "version": "v0.1.1",
            "target-dir": "React/Http",
            "source": {
                "type": "git",
                "url": "https://github.com/reactphp/http.git",
                "reference": "527487d0a752c62f4e54abac858caacd03139abe"
            },
            "dist": {
                "type": "zip",
                "url": "https://api.github.com/repos/reactphp/http/zipball/527487d0a752c62f4e54abac858caacd03139abe",
                "reference": "527487d0a752c62f4e54abac858caacd03139abe",
                "shasum": ""
            },
            "require": {
                "guzzle/guzzle": "2.5.*",
                "php": ">=5.3.2",
                "react/socket": "0.1.*"
            },
            "type": "library",
            "extra": {
                "branch-alias": []
            },
            "autoload": {
                "psr-0": {
                    "React\\Http": ""
                }
            },
            "notification-url": "https://packagist.org/downloads/",
            "license": [
                "MIT"
            ],
            "description": "Library for building an evented http server.",
            "keywords": [
                "http"
            ],
            "support": {
                "source": "https://github.com/reactphp/http/tree/v0.1.1"
            },
            "time": "2012-07-12T21:02:32+00:00"
        },
        {
            "name": "react/socket",
            "version": "v0.1.1",
            "target-dir": "React/Socket",
            "source": {
                "type": "git",
                "url": "https://github.com/reactphp/socket.git",
                "reference": "027e302543f6f8b04df4962ef5e6d9bac10a74bf"
            },
            "dist": {
                "type": "zip",
                "url": "https://api.github.com/repos/reactphp/socket/zipball/027e302543f6f8b04df4962ef5e6d9bac10a74bf",
                "reference": "027e302543f6f8b04df4962ef5e6d9bac10a74bf",
                "shasum": ""
            },
            "require": {
                "evenement/evenement": "1.0.*",
                "php": ">=5.3.2",
                "react/event-loop": "0.1.*",
                "react/stream": "0.1.*"
            },
            "type": "library",
            "extra": {
                "branch-alias": []
            },
            "autoload": {
                "psr-0": {
                    "React\\Socket": ""
                }
            },
            "notification-url": "https://packagist.org/downloads/",
            "license": [
                "MIT"
            ],
            "description": "Library for building an evented socket server.",
            "keywords": [
                "Socket"
            ],
            "support": {
                "source": "https://github.com/reactphp/socket/tree/v0.1.1"
            },
            "time": "2012-07-12T21:02:32+00:00"
        },
        {
            "name": "react/stream",
            "version": "v0.1.1",
            "target-dir": "React/Stream",
            "source": {
                "type": "git",
                "url": "https://github.com/reactphp/stream.git",
                "reference": "27f8cdbff87af4f7144d077ea9ac5dbdc724fd78"
            },
            "dist": {
                "type": "zip",
                "url": "https://api.github.com/repos/reactphp/stream/zipball/27f8cdbff87af4f7144d077ea9ac5dbdc724fd78",
                "reference": "27f8cdbff87af4f7144d077ea9ac5dbdc724fd78",
                "shasum": ""
            },
            "require": {
                "evenement/evenement": "1.0.*",
                "php": ">=5.3.2"
            },
            "suggest": {
                "react/event-loop": "dev-master"
            },
            "type": "library",
            "extra": {
                "branch-alias": []
            },
            "autoload": {
                "psr-0": {
                    "React\\Stream": ""
                }
            },
            "notification-url": "https://packagist.org/downloads/",
            "license": [
                "MIT"
            ],
            "description": "Basic readable and writable stream interfaces that support piping.",
            "keywords": [
                "pipe",
                "stream"
            ],
            "support": {
                "source": "https://github.com/reactphp/stream/tree/v0.1.1"
            },
            "time": "2012-07-12T23:08:01+00:00"
        },
        {
            "name": "symfony/event-dispatcher",
            "version": "v6.4.3",
            "source": {
                "type": "git",
                "url": "https://github.com/symfony/event-dispatcher.git",
                "reference": "ae9d3a6f3003a6caf56acd7466d8d52378d44fef"
            },
            "dist": {
                "type": "zip",
                "url": "https://api.github.com/repos/symfony/event-dispatcher/zipball/ae9d3a6f3003a6caf56acd7466d8d52378d44fef",
                "reference": "ae9d3a6f3003a6caf56acd7466d8d52378d44fef",
                "shasum": ""
            },
            "require": {
                "php": ">=8.1",
                "symfony/event-dispatcher-contracts": "^2.5|^3"
            },
            "conflict": {
                "symfony/dependency-injection": "<5.4",
                "symfony/service-contracts": "<2.5"
            },
            "provide": {
                "psr/event-dispatcher-implementation": "1.0",
                "symfony/event-dispatcher-implementation": "2.0|3.0"
            },
            "require-dev": {
                "psr/log": "^1|^2|^3",
                "symfony/config": "^5.4|^6.0|^7.0",
                "symfony/dependency-injection": "^5.4|^6.0|^7.0",
                "symfony/error-handler": "^5.4|^6.0|^7.0",
                "symfony/expression-language": "^5.4|^6.0|^7.0",
                "symfony/http-foundation": "^5.4|^6.0|^7.0",
                "symfony/service-contracts": "^2.5|^3",
                "symfony/stopwatch": "^5.4|^6.0|^7.0"
            },
            "type": "library",
            "autoload": {
                "psr-4": {
                    "Symfony\\Component\\EventDispatcher\\": ""
                },
                "exclude-from-classmap": [
                    "/Tests/"
                ]
            },
            "notification-url": "https://packagist.org/downloads/",
            "license": [
                "MIT"
            ],
            "authors": [
                {
                    "name": "Fabien Potencier",
                    "email": "fabien@symfony.com"
                },
                {
                    "name": "Symfony Community",
                    "homepage": "https://symfony.com/contributors"
                }
            ],
            "description": "Provides tools that allow your application components to communicate with each other by dispatching events and listening to them",
            "homepage": "https://symfony.com",
            "support": {
                "source": "https://github.com/symfony/event-dispatcher/tree/v6.4.3"
            },
            "funding": [
                {
                    "url": "https://symfony.com/sponsor",
                    "type": "custom"
                },
                {
                    "url": "https://github.com/fabpot",
                    "type": "github"
                },
                {
                    "url": "https://tidelift.com/funding/github/packagist/symfony/symfony",
                    "type": "tidelift"
                }
            ],
            "time": "2024-01-23T14:51:35+00:00"
        },
        {
            "name": "symfony/event-dispatcher-contracts",
            "version": "v3.4.0",
            "source": {
                "type": "git",
                "url": "https://github.com/symfony/event-dispatcher-contracts.git",
                "reference": "a76aed96a42d2b521153fb382d418e30d18b59df"
            },
            "dist": {
                "type": "zip",
                "url": "https://api.github.com/repos/symfony/event-dispatcher-contracts/zipball/a76aed96a42d2b521153fb382d418e30d18b59df",
                "reference": "a76aed96a42d2b521153fb382d418e30d18b59df",
                "shasum": ""
            },
            "require": {
                "php": ">=8.1",
                "psr/event-dispatcher": "^1"
            },
            "type": "library",
            "extra": {
                "branch-alias": {
                    "dev-main": "3.4-dev"
                },
                "thanks": {
                    "name": "symfony/contracts",
                    "url": "https://github.com/symfony/contracts"
                }
            },
            "autoload": {
                "psr-4": {
                    "Symfony\\Contracts\\EventDispatcher\\": ""
                }
            },
            "notification-url": "https://packagist.org/downloads/",
            "license": [
                "MIT"
            ],
            "authors": [
                {
                    "name": "Nicolas Grekas",
                    "email": "p@tchwork.com"
                },
                {
                    "name": "Symfony Community",
                    "homepage": "https://symfony.com/contributors"
                }
            ],
            "description": "Generic abstractions related to dispatching event",
            "homepage": "https://symfony.com",
            "keywords": [
                "abstractions",
                "contracts",
                "decoupling",
                "interfaces",
                "interoperability",
                "standards"
            ],
            "support": {
                "source": "https://github.com/symfony/event-dispatcher-contracts/tree/v3.4.0"
            },
            "funding": [
                {
                    "url": "https://symfony.com/sponsor",
                    "type": "custom"
                },
                {
                    "url": "https://github.com/fabpot",
                    "type": "github"
                },
                {
                    "url": "https://tidelift.com/funding/github/packagist/symfony/symfony",
                    "type": "tidelift"
                }
            ],
            "time": "2023-05-23T14:45:45+00:00"
        }
    ],
    "packages-dev": [],
    "aliases": [],
    "minimum-stability": "stable",
    "stability-flags": [],
    "prefer-stable": false,
    "prefer-lowest": false,
    "platform": [],
    "platform-dev": [],
    "plugin-api-version": "2.6.0"
}
